
Microsoft Visual Studio Solution File, Format Version 12.00
# Visual Studio 15
VisualStudioVersion = 15.0.27703.2042
MinimumVisualStudioVersion = 10.0.40219.1
Project("{9A19103F-16F7-4668-BE54-9A1E7A4F7556}") = "Woof.Net", "Woof.Net.csproj", "{B3D11474-AEA2-4C29-B5F5-C40577BBA69A}"
EndProject
Project("{9A19103F-16F7-4668-BE54-9A1E7A4F7556}") = "Woof.Net.Tests", "Tests\Woof.Net.Tests\Woof.Net.Tests.csproj", "{4FC996F4-5E40-4635-BC37-14662A93B652}"
EndProject
Project("{FAE04EC0-301F-11D3-BF4B-00C04F79EFBC}") = "Woof.Net.TestSite", "Tests\Site\Woof.Net.TestSite.csproj", "{97453FF3-EA7A-4814-ABE8-2A82DF209171}"
EndProject
Global
	GlobalSection(SolutionConfigurationPlatforms) = preSolution
		Debug|Any CPU = Debug|Any CPU
		Release|Any CPU = Release|Any CPU
	EndGlobalSection
	GlobalSection(ProjectConfigurationPlatforms) = postSolution
		{B3D11474-AEA2-4C29-B5F5-C40577BBA69A}.Debug|Any CPU.ActiveCfg = Debug|Any CPU
		{B3D11474-AEA2-4C29-B5F5-C40577BBA69A}.Debug|Any CPU.Build.0 = Debug|Any CPU
		{B3D11474-AEA2-4C29-B5F5-C40577BBA69A}.Release|Any CPU.ActiveCfg = Release|Any CPU
		{B3D11474-AEA2-4C29-B5F5-C40577BBA69A}.Release|Any CPU.Build.0 = Release|Any CPU
		{4FC996F4-5E40-4635-BC37-14662A93B652}.Debug|Any CPU.ActiveCfg = Debug|Any CPU
		{4FC996F4-5E40-4635-BC37-14662A93B652}.Debug|Any CPU.Build.0 = Debug|Any CPU
		{4FC996F4-5E40-4635-BC37-14662A93B652}.Release|Any CPU.ActiveCfg = Release|Any CPU
		{4FC996F4-5E40-4635-BC37-14662A93B652}.Release|Any CPU.Build.0 = Release|Any CPU
		{97453FF3-EA7A-4814-ABE8-2A82DF209171}.Debug|Any CPU.ActiveCfg = Debug|Any CPU
		{97453FF3-EA7A-4814-ABE8-2A82DF209171}.Debug|Any CPU.Build.0 = Debug|Any CPU
		{97453FF3-EA7A-4814-ABE8-2A82DF209171}.Release|Any CPU.ActiveCfg = Release|Any CPU
		{97453FF3-EA7A-4814-ABE8-2A82DF209171}.Release|Any CPU.Build.0 = Release|Any CPU
	EndGlobalSection
	GlobalSection(SolutionProperties) = preSolution
		HideSolutionNode = FALSE
	EndGlobalSection
	GlobalSection(ExtensibilityGlobals) = postSolution
		SolutionGuid = {ED523690-6AD1-4342-B8B4-816BC58E1EF1}
	EndGlobalSection
EndGlobal
